
Microsoft Visual Studio Solution File, Format Version 12.00
# Visual Studio Version 17
VisualStudioVersion = 17.5.002.0
MinimumVisualStudioVersion = 10.0.40219.1
Project("{9A19103F-16F7-4668-BE54-9A1E7A4F7556}") = "C#game", "C#game.csproj", "{37DE929B-3F2B-4F06-9575-B713A61DC6FC}"
EndProject
Global
	GlobalSection(SolutionConfigurationPlatforms) = preSolution
		Debug|Any CPU = Debug|Any CPU
		Release|Any CPU = Release|Any CPU
	EndGlobalSection
	GlobalSection(ProjectConfigurationPlatforms) = postSolution
		{37DE929B-3F2B-4F06-9575-B713A61DC6FC}.Debug|Any CPU.ActiveCfg = Debug|Any CPU
		{37DE929B-3F2B-4F06-9575-B713A61DC6FC}.Debug|Any CPU.Build.0 = Debug|Any CPU
		{37DE929B-3F2B-4F06-9575-B713A61DC6FC}.Release|Any CPU.ActiveCfg = Release|Any CPU
		{37DE929B-3F2B-4F06-9575-B713A61DC6FC}.Release|Any CPU.Build.0 = Release|Any CPU
	EndGlobalSection
	GlobalSection(SolutionProperties) = preSolution
		HideSolutionNode = FALSE
	EndGlobalSection
	GlobalSection(ExtensibilityGlobals) = postSolution
		SolutionGuid = {C7961875-A56F-4EFE-AC54-BCCDFD261026}
	EndGlobalSection
EndGlobal
